<?xml version="1.0" encoding="utf-8"?>
<Project ToolsVersion="4.0" xmlns="http://schemas.microsoft.com/developer/msbuild/2003">
  <ItemGroup>
    <CudaCompile Include="kernel.cu" />
  </ItemGroup>
  <ItemGroup>
    <Filter Include="HeaderFiles">
      <UniqueIdentifier>{4c29ccbf-a4c8-4850-8be0-610652da57c9}</UniqueIdentifier>
    </Filter>
    <Filter Include="SourceFiles">
      <UniqueIdentifier>{1e4081fe-9404-40ed-91c9-5be905cd80e7}</UniqueIdentifier>
    </Filter>
    <Filter Include="HeaderFiles\utils">
      <UniqueIdentifier>{60ed9acc-bc50-41b8-b1b5-47d7271b1d17}</UniqueIdentifier>
    </Filter>
  </ItemGroup>
  <ItemGroup>
    <ClInclude Include="cuda_utils.h">
      <Filter>HeaderFiles\utils</Filter>
    </ClInclude>
  </ItemGroup>
  <ItemGroup>
    <None Include="vcpkg.json" />
  </ItemGroup>
</Project>